# This file is automatically @generated by Cargo.
# It is not intended for manual editing.
version = 4

[[package]]
name = "addr2line"
version = "0.25.1"
source = "registry+https://github.com/rust-lang/crates.io-index"
checksum = "1b5d307320b3181d6d7954e663bd7c774a838b8220fe0593c86d9fb09f498b4b"
dependencies = [
 "gimli",
]

[[package]]
name = "adler2"
version = "2.0.1"
source = "registry+https://github.com/rust-lang/crates.io-index"
checksum = "320119579fcad9c21884f5c4861d16174d0e06250625266f50fe6898340abefa"

[[package]]
name = "admin-core"
version = "0.2.913"
dependencies = [
 "api-core",
 "async-trait",
 "axum",
 "chrono",
 "common",
 "db",
 "hex",
 "rand 0.10.1",
 "serde",
 "serde_json",
 "sha2 0.11.0",
 "sqlx",
 "thiserror 2.0.18",
 "tokio",
 "tracing",
 "uuid",
]
