IyBUaGlzIGZpbGUgaXMgYXV0b21hdGljYWxseSBAZ2VuZXJhdGVkIGJ5IENhcmdvLgojIEl0IGlzIG5vdCBpbnRlbmRlZCBmb3IgbWFudWFsIGVkaXRpbmcuCnZlcnNpb24gPSA0CgpbW3BhY2thZ2VdXQpuYW1lID0gImFkZHIybGluZSIKdmVyc2lvbiA9ICIwLjI1LjEiCnNvdXJjZSA9ICJyZWdpc3RyeStodHRwczovL2dpdGh1Yi5jb20vcnVzdC1sYW5nL2NyYXRlcy5pby1pbmRleCIKY2hlY2tzdW0gPSAiMWI1ZDMwNzMyMGIzMTgxZDZkNzk1NGU2NjNiZDdjNzc0YTgzOGI4MjIwZmUwNTkzYzg2ZDlmYjA5ZjQ5OGI0YiIKZGVwZW5kZW5jaWVzID0gWwogImdpbWxpIiwKXQoKW1twYWNrYWdlXV0KbmFtZSA9ICJhZGxlcjIiCnZlcnNpb24gPSAiMi4wLjEiCnNvdXJjZSA9ICJyZWdpc3RyeStodHRwczovL2dpdGh1Yi5jb20vcnVzdC1sYW5nL2NyYXRlcy5pby1pbmRleCIKY2hlY2tzdW0gPSAiMzIwMTE5NTc5ZmNhZDljMjE4ODRmNWM0ODYxZDE2MTc0ZDBlMDYyNTA2MjUyNjZmNTBmZTY4OTgzNDBhYmVmYSIKCltbcGFja2FnZV1dCm5hbWUgPSAiYWRtaW4tY29yZSIKdmVyc2lvbiA9ICIwLjIuOTEzIgpkZXBlbmRlbmNpZXMgPSBbCiAiYXBpLWNvcmUiLAogImFzeW5jLXRyYWl0IiwKICJheHVtIiwKICJjaHJvbm8iLAogImNvbW1vbiIsCiAiZGIiLAogImhleCIsCiAicmFuZCAwLjEwLjEiLAogInNlcmRlIiwKICJzZXJkZV9qc29uIiwKICJzaGEyIDAuMTEuMCIsCiAic3FseCIsCiAidGhpc2Vycm9yIDIuMC4xOCIsCiAidG9raW8iLAogInRyYWNpbmciLAogInV1aWQiLApdCgpbW3BhY2thZ2VdXQpuYW1lID0gImFlYWQiCnZlcnNpb24gPSAiMC41LjIiCnNvdXJjZSA9ICJyZWdpc3RyeStodHRwczovL2dpdGh1Yi5jb20vcnVzdC1sYW5nL2NyYXRlcy5pby1pbmRleCIKY2hlY2tzdW0gPSAiZDEyMjQxM2YyODRjZjJkNjJmYjFiN2RiOTdlMDJlZGI4Y2RhOTZkNzY5YjE2ZTQ0M2E0ZjYxOTVlMzU2NjJiMCIKZGVwZW5kZW5jaWVzID0gWwogImNyeXB0by1jb21tb24gMC4xLjciLAogImdlbmVyaWMtYXJyYXkiLApdCgpbW3BhY2thZ2VdXQpuYW1lID0gImFlcyIKdmVyc2lvbiA9ICIwLjguNCIKc291cmNlID0gInJlZ2lzdHJ5K2h0dHBzOi8vZ2l0aHViLmNvbS9ydXN0LWxhbmcvY3JhdGVzLmlvLWluZGV4IgpjaGVja3N1bSA9ICJiMTY5ZjdhNmQ0NzQyMjM2YTBhMDBjNTQxYjg0NTk5MWQwYWM0M2U1NDY4MzFhZjEyNDk3NTNhYjRjM2FhM2EwIgpkZXBlbmRlbmNpZXMgPSBbCiAiY2ZnLWlmIiwKICJjaXBoZXIiLAogImNwdWZlYXR1cmVzIDAuMi4xNyIsCl0KCltbcGFja2FnZV1dCm5hbWUgPSAiYWVzLWdjbSIKdmVyc2lvbiA9ICIwLjEwLjMiCnNvdXJjZSA9ICJyZWdpc3RyeStodHRwczovL2dpdGh1Yi5jb20vcnVzdC1sYW5nL2NyYXRlcy5pby1pbmRleCIKY2hlY2tzdW0gPSAiODMxMDEwYTBmNzQyZTEyMDliM2JjZWE4ZmFiNmE4ZTE0OTA1MWJhNjA5OTQzMmM4Y2IyY2MxMTdkZWMzZWFkMSIKZGVwZW5kZW5jaWVzID0gWwogImFlYWQiLAogImFlcyIsCiAiY2lwaGVyIiwKICJjdHIiLAogImdoYXNoIiwKICJzdWJ0bGUiLApdCgpbW3BhY2thZ2VdXQpuYW1lID0gImFoYXNoIgp2ZXJzaW9uID0gIjAuNy44Igpzb3VyY2UgPSAicmVnaXN0cnkraHR0cHM6Ly9naXRodWIuY29tL3J1c3QtbGFuZy9jcmF0ZXMuaW8taW5kZXgiCmNoZWNrc3VtID0gIjg5MWU0N2UzOWIxNTJjOGE2MDg0YmQ2NGI3YmVkMmI5OGJmYjkzYTkxZWE4OWNhNzFkZGUzMjhmNTQxZTAzOWEiCmRlcGVuZGVuY2llcyA9IFsKICJnZXRyYW5kb20gMC4yLjE3IiwKICJvbmNlX2NlbGwiLAogInZlcnNpb25fY2hlY2siLApdCgpbW3BhY2thZ2VdXQpuYW1lID0gImFoYXNoIgp2ZXJzaW9uID0gIjAuOC4xMiIKc291cmNlID0gInJlZ2lzdHJ5K2h0dHBzOi8vZ2l0aHViLmNvbS9ydXN0LWxhbmcvY3JhdGVzLmlvLWluZGV4IgpjaGVja3N1bSA9ICI1YTE1ZjE3OWNkNjBjNGY4NGI4YTljYzY5MjcyN2Y2YmYxZGMwM2I3YjE1YzRmMjFiNzU1MjE1ZWZhMjVjNzJlIgpkZXBlbmRlbmNpZXMgPSBbCiAiY2ZnLWlmIiwKICJvbmNlX2NlbGwiLAogInZlcnNpb25fY2hlY2siLAogInplcm9jb3B5IiwKXQoKW1twYWNrYWdlXV0KbmFtZSA9ICJhaG8tY29yYXNpY2siCnZlcnNpb24gPSAiMS4xLjQiCnNvdXJjZSA9ICJyZWdpc3RyeStodHRwczovL2dpdGh1Yi5jb20vcnVzdC1sYW5nL2NyYXRlcy5pby1pbmRleCIKY2hlY2tzdW0gPSAiZGRkMzFhMTMwNDI3YzI3NTE4ZGYyNjZlOTQ4ZDkxZGE1ZDZhNWQzM2NiNmUzNWQ3MDM1MDdkYjU5ZmY3NjZkMiIKZGVwZW5kZW5jaWVzID0gWwogIm1lbWNociIsCl0KCltbcGFja2FnZV1dCm5hbWUgPSAiYWxsb2NhdG9yLWFwaTIiCnZlcnNpb24gPSAiMC4yLjIxIgpzb3VyY2UgPSAicmVnaXN0cnkraHR0cHM6Ly9naXRodWIuY29tL3J1c3QtbGFuZy9jcmF0ZXMuaW8taW5kZXgiCmNoZWNrc3VtID0gIjY4M2Q3OTEwZTc0M2UxOGIwYTQ0NTdkYjcwZGZjMGEwYjMzYjRjODA1Y2NmNTgzYjE1MDllMzA4ZjY5ZWNlNjMiCgpbW3BhY2thZ2VdXQpuYW1lID0gImFtbW9uaWEiCnZlcnNpb24gPSAiNC4xLjIiCnNvdXJjZSA9ICJyZWdpc3RyeStodHRwczovL2dpdGh1Yi5jb20vcnVzdC1sYW5nL2NyYXRlcy5pby1pbmRleCIKY2hlY2tzdW0gPSAiMTdlOTEzMDk3ZTFhMjEyNGI0Njc0NmMwODBjNzRlNGVhM2I2OTdlNjZiNDFiMDhjNGJiMzlkNzdlY2ZhN2ExIgpkZXBlbmRlbmNpZXMgPSBbCiAiY3NzcGFyc2VyIiwKICJodG1sNWV2ZXIiLAogIm1hcGxpdCIsCiAidGVuZHJpbCIsCiAidXJsIiwKXQoKW1twYWNrYWdlXV0KbmFtZSA9ICJhbmRyb2lkX3N5c3RlbV9wcm9wZXJ0aWVzIgp2ZXJzaW9uID0gIjAuMS41Igpzb3VyY2UgPSAicmVnaXN0cnkraHR0cHM6Ly9naXRodWIuY29tL3J1c3QtbGFuZy9jcmF0ZXMuaW8taW5kZXgiCmNoZWNrc3VtID0gIjgxOWU3MjE5ZGJkNDEwNDNhYzI3OWIxOTgzMGYyZWZjODk3MTU2NDkwZDdmZDZlYTkxNmQ3MjAxMTdlZTY2MzExIgpkZXBlbmRlbmNpZXMgPSBbCiAibGliYyIsCl0KCltbcGFja2FnZV1dCm5hbWUgPSAiYW5zdHJlYW0iCnZlcnNpb24gPSAiMS4wLjAiCnNvdXJjZSA9ICJyZWdpc3RyeStodHRwczovL2dpdGh1Yi5jb20vcnVzdC1sYW5nL2NyYXRlcy5pby1pbmRleCIKY2hlY2tzdW0gPSAiODI0YTIxMmZhZjk2ZTlhY2FjZGJkMDlmZWJkMzQ0MzhmOGY3MTFmYjg0ZTA5YTg5MTYwMTNjZDc4MTVjYTI4ZCIKZGVwZW5kZW5jaWVzID0gWwogImFuc3R5bGUiLAogImFuc3R5bGUtcGFyc2UiLAogImFuc3R5bGUtcXVlcnkiLAogImFuc3R5bGUtd2luY29uIiwKICJjb2xvcmNob2ljZSIsCiAiaXNfdGVybWluYWxfcG9seWZpbGwiLAogInV0ZjhwYXJzZSIsCl0KCltbcGFja2FnZV1dCm5hbWUgPSAiYW5zdHlsZSIKdmVyc2lvbiA9ICIxLjAuMTQiCnNvdXJjZSA9ICJyZWdpc3RyeStodHRwczovL2dpdGh1Yi5jb20vcnVzdC1sYW5nL2NyYXRlcy5pby1pbmRleCIKY2hlY2tzdW0gPSAiOTQwYjNhMGNhNjAzZDFlYWRlNTBhNGI0NmEyYWZmZDVlZjU3YTlmZWFjMmMwZTJlYzJlMTRmOWVhZDc2MDAwIgoKW1twYWNrYWdlXV0KbmFtZSA9ICJhbnN0eWxlLXBhcnNlIgp2ZXJzaW9uID0gIjEuMC4wIgpzb3VyY2UgPSAicmVnaXN0cnkraHR0cHM6Ly9naXRodWIuY29tL3J1c3QtbGFuZy9jcmF0ZXMuaW8taW5kZXgiCmNoZWNrc3VtID0gIjUyY2U3ZjM4YjI0MmMzMTkzN2YyOWMzODljNzZkNjFhMzc4NjI3NDk0MWM0MzNkMjMzY2E0ZGJmZTNjYTU5NGUiCmRlcGVuZGVuY2llcyA9IFsKICJ1dGY4cGFyc2UiLApdCgpbW3BhY2thZ2VdXQpuYW1lID0gImFuc3R5bGUtcXVlcnkiCnZlcnNpb24gPSAiMS4xLjUiCnNvdXJjZSA9ICJyZWdpc3RyeStodHRwczovL2dpdGh1Yi5jb20vcnVzdC1sYW5nL2NyYXRlcy5pby1pbmRleCIKY2hlY2tzdW0gPSAiNDBjNDhmNzJmZDUzY2QyODlmMDRmYzY0MDk5YWJjYTczZGI0MTY2YWQ4NmVhMGI0MzQxYWJlNjVhZjgzZGFkYyIKZGVwZW5kZW5jaWVzID0gWwogIndpbmRvd3Mtc3lzIDAuNjEuMiIsCl0KCltbcGFja2FnZV1dCm5hbWUgPSAiYW5zdHlsZS13aW5jb24iCnZlcnNpb24gPSAiMy4wLjExIgpzb3VyY2UgPSAicmVnaXN0cnkraHR0cHM6Ly9naXRodWIuY29tL3J1c3QtbGFuZy9jcmF0ZXMuaW8taW5kZXgiCmNoZWNrc3VtID0gIjI5MWU2YTI1MGZmODZjZDRhODIwMTEyZmI4ODk4ODA4YTM2NmQ4ZjlmNThiYTM5MWE4NmFkMmVmZTBjZmVmYTFkIgpkZXBlbmRlbmNpZXMgPSBbCiAiYW5zdHlsZSIsCiAib25jZV9jZWxsX3BvbHlmaWxsIiwKICJ3aW5kb3dzLXN5cyAwLjYxLjIiLApdCgpbW3BhY2thZ2VdXQpuYW1lID0gImFueWhvdyIKdmVyc2lvbiA9ICIxLjAuMTAyIgpzb3VyY2UgPSAicmVnaXN0cnkraHR0cHM6Ly9naXRodWIuY29tL3J1c3QtbGFuZy9jcmF0ZXMuaW8taW5kZXgiCmNoZWNrc3VtID0gIjdmMjAyZGY4NjQ4NGM4NjhkYmFkN2VhYTU1N2VmNzg1ZDVjNjYyOTVlNDFiNDYwZWY5MjJlY2EwNzIzYjg0MmMiCgpbW3BhY2thZ2VdXQpuYW1lID0gImFwaS1jb3JlIgp2ZXJzaW9uID0gIjAuMi45MTMiCmRlcGVuZGVuY2llcyA9IFsKICJhc3luYy10cmFpdCIsCiAiYXh1bSIsCiAiYXh1bS1leHRyYSIsCiAiY2hyb25vIiwKICJjb21tb24iLAogImRiIiwKICJnb3Zlcm5vciIsCiAiaW50ZWdyYXRpb25zIiwKICJqc29ud2VidG9rZW4iLAogIm1ldHJpY3MiLAogInNlcmRlIiwKICJzZXJkZV9qc29uIiwKICJzcWx4IiwKICJ0aGlzZXJyb3IgMi4wLjE4IiwKICJ0b2tpbyIsCiAidG93ZXIiLAogInRvd2VyLWh0dHAiLAogInRyYWNpbmciLAogInV0b2lwYSIsCiAidXRvaXBhLXN3YWdnZXItdWkiLAogInV1aWQiLApdCgpbW3BhY2thZ2VdXQpuYW1lID0gImFwaS1zZXJ2ZXIiCnZlcnNpb24gPSAiMC4yLjkxMyIKZGVwZW5kZW5jaWVzID0gWwogImFkbWluLWNvcmUiLAogImFlcy1nY20iLAogImFtbW9uaWEiLAogImFueWhvdyIsCiAiYXBpLWNvcmUiLAogImFyZ29uMiIsCiAiYXN5bmMtdHJhaXQiLAogImF4dW0iLAogImF4dW0tZXh0cmEiLAogImF4dW0tdGVzdCIsCiAiYmFzZTMyIiwKICJiYXNlNjQgMC4yMi4xIiwKICJjaHJvbm8iLAogImNsYXAiLAogImNvbW1vbiIsCiAiY29uZmlnIiwKICJjc3YiLAogImRiIiwKICJkaWFsb2d1ZXIiLAogImRvdGVueXkiLAogImZ1dHVyZXMtdXRpbCIsCiAiaGV4IiwKICJobWFjIDAuMTMuMCIsCiAiaHR0cC1ib2R5LXV0aWwiLAogImludGVncmF0aW9ucyIsCiAianNvbndlYnRva2VuIiwKICJsZXR0cmUiLAogIm1ldHJpY3MiLAogIm1ldHJpY3MtZXhwb3J0ZXItcHJvbWV0aGV1cyIsCiAib25jZV9jZWxsIiwKICJvcGVudGVsZW1ldHJ5IiwKICJvcGVudGVsZW1ldHJ5LW90bHAiLAogIm9wZW50ZWxlbWV0cnlfc2RrIiwKICJyYW5kIDAuMTAuMSIsCiAicmVkaXMiLAogInJlZ2V4IiwKICJyZXF3ZXN0IDAuMTMuMyIsCiAicnVzdF9kZWNpbWFsIiwKICJydXN0X2RlY2ltYWxfbWFjcm9zIiwKICJzZW50cnkiLAogInNlcmRlIiwKICJzZXJkZV9qc29uIiwKICJzaGEyIDAuMTEuMCIsCiAic3FseCIsCiAic3VidGxlIiwKICJ0ZW5hbnQtb3BzIiwKICJ0aGlzZXJyb3IgMi4wLjE4IiwKICJ0b2tpbyIsCiAidG90cC1ycyIsCiAidG93ZXIiLAogInRvd2VyLWh0dHAiLAogInRyYWNpbmciLAogInRyYWNpbmctb3BlbnRlbGVtZXRyeSIsCiAidHJhY2luZy1zdWJzY3JpYmVyIiwKICJ1cmxlbmNvZGluZyIsCiAidXRvaXBhIiwKICJ1dG9pcGEtc3dhZ2dlci11aSIsCiAidXVpZCIsCiAidmFsaWRhdG9yIiwKICJ3aXJlbW9jayIsCl0KCltbcGFja2FnZV1dCm5hbWUgPSAiYXJiaXRyYXJ5Igp2ZXJzaW9uID0gIjEuNC4yIgpzb3VyY2UgPSAicmVnaXN0cnkraHR0cHM6Ly9naXRodWIuY29tL3J1c3QtbGFuZy9jcmF0ZXMuaW8taW5kZXgiCmNoZWNrc3VtID0gImMzZDAzNmEzYzRhYjA2OWM3YjQxMGEyY2U4NzZiZDc0ODA4ZDJlMGQ4ODhmNTcxMGE4Y2QzNGFlNGM0OTEzNSIKZGVwZW5kZW5jaWVzID0gWwogImRlcml2ZV9hcmJpdHJhcnkiLApdCgpbW3BhY2thZ2VdXQpuYW1lID0gImFyYy1zd2FwIgp2ZXJzaW9uID0gIjEuOS4xIgpzb3VyY2UgPSAicmVnaXN0cnkraHR0cHM6Ly9naXRodWIuY29tL3J1c3QtbGFuZy9jcmF0ZXMuaW8taW5kZXgiCmNoZWNrc3VtID0gIjZhM2ExZmQ2Zjc1MzA2YjY4MDg3YjgzMWYwMjVjNzEyNTI0YmMxOWFhZDU0ZTU1N2IxMTI5Y2ZhMGEyYjIwNyIKZGVwZW5kZW5jaWVzID0gWwogInJ1c3R2ZXJzaW9uIiwKXQoKW1twYWNrYWdlXV0KbmFtZSA9ICJhcmNzdHIiCnZlcnNpb24gPSAiMS4yLjAiCnNvdXJjZSA9ICJyZWdpc3RyeStodHRwczovL2dpdGh1Yi5jb20vcnVzdC1sYW5nL2NyYXRlcy5pby1pbmRleCIKY2hlY2tzdW0gPSAiMDM5MThjM2RiZDc3MDFhODVjNmI5ODg3NzMyZTI5MjE3NWYyNmM...(truncated)